
Microsoft Visual Studio Solution File, Format Version 12.00
# Visual Studio Version 16
VisualStudioVersion = 16.0.28803.202
MinimumVisualStudioVersion = 10.0.40219.1
Project("{FAE04EC0-301F-11D3-BF4B-00C04F79EFBC}") = "domador-de-monoliticos", "domador-de-monoliticos\domador-de-monoliticos.csproj", "{3F0578F6-EE02-4DDA-AB33-30931E182C40}"
EndProject
Project("{FAE04EC0-301F-11D3-BF4B-00C04F79EFBC}") = "domador.modelo", "domador.modelo\domador.modelo.csproj", "{6682FE08-FA50-4628-A7D6-D25F98165C80}"
EndProject
Project("{FAE04EC0-301F-11D3-BF4B-00C04F79EFBC}") = "domador.managers", "domador.managers\domador.managers.csproj", "{2FFD3E50-6B43-472B-A056-6381D498AD55}"
EndProject
Project("{FAE04EC0-301F-11D3-BF4B-00C04F79EFBC}") = "domador.orm", "domador.orm\domador.orm.csproj", "{890CF4B3-D355-4C5F-ACCD-21EB1BCEE516}"
EndProject
Project("{FAE04EC0-301F-11D3-BF4B-00C04F79EFBC}") = "domador.contracts", "domador.contracts\domador.contracts.csproj", "{AE5FDA48-CD48-4741-88E5-7BBE11758657}"
EndProject
Global
	GlobalSection(SolutionConfigurationPlatforms) = preSolution
		Debug|Any CPU = Debug|Any CPU
		Release|Any CPU = Release|Any CPU
	EndGlobalSection
	GlobalSection(ProjectConfigurationPlatforms) = postSolution
		{3F0578F6-EE02-4DDA-AB33-30931E182C40}.Debug|Any CPU.ActiveCfg = Debug|Any CPU
		{3F0578F6-EE02-4DDA-AB33-30931E182C40}.Debug|Any CPU.Build.0 = Debug|Any CPU
		{3F0578F6-EE02-4DDA-AB33-30931E182C40}.Release|Any CPU.ActiveCfg = Release|Any CPU
		{3F0578F6-EE02-4DDA-AB33-30931E182C40}.Release|Any CPU.Build.0 = Release|Any CPU
		{6682FE08-FA50-4628-A7D6-D25F98165C80}.Debug|Any CPU.ActiveCfg = Debug|Any CPU
		{6682FE08-FA50-4628-A7D6-D25F98165C80}.Debug|Any CPU.Build.0 = Debug|Any CPU
		{6682FE08-FA50-4628-A7D6-D25F98165C80}.Release|Any CPU.ActiveCfg = Release|Any CPU
		{6682FE08-FA50-4628-A7D6-D25F98165C80}.Release|Any CPU.Build.0 = Release|Any CPU
		{2FFD3E50-6B43-472B-A056-6381D498AD55}.Debug|Any CPU.ActiveCfg = Debug|Any CPU
		{2FFD3E50-6B43-472B-A056-6381D498AD55}.Debug|Any CPU.Build.0 = Debug|Any CPU
		{2FFD3E50-6B43-472B-A056-6381D498AD55}.Release|Any CPU.ActiveCfg = Release|Any CPU
		{2FFD3E50-6B43-472B-A056-6381D498AD55}.Release|Any CPU.Build.0 = Release|Any CPU
		{890CF4B3-D355-4C5F-ACCD-21EB1BCEE516}.Debug|Any CPU.ActiveCfg = Debug|Any CPU
		{890CF4B3-D355-4C5F-ACCD-21EB1BCEE516}.Debug|Any CPU.Build.0 = Debug|Any CPU
		{890CF4B3-D355-4C5F-ACCD-21EB1BCEE516}.Release|Any CPU.ActiveCfg = Release|Any CPU
		{890CF4B3-D355-4C5F-ACCD-21EB1BCEE516}.Release|Any CPU.Build.0 = Release|Any CPU
		{AE5FDA48-CD48-4741-88E5-7BBE11758657}.Debug|Any CPU.ActiveCfg = Debug|Any CPU
		{AE5FDA48-CD48-4741-88E5-7BBE11758657}.Debug|Any CPU.Build.0 = Debug|Any CPU
		{AE5FDA48-CD48-4741-88E5-7BBE11758657}.Release|Any CPU.ActiveCfg = Release|Any CPU
		{AE5FDA48-CD48-4741-88E5-7BBE11758657}.Release|Any CPU.Build.0 = Release|Any CPU
	EndGlobalSection
	GlobalSection(SolutionProperties) = preSolution
		HideSolutionNode = FALSE
	EndGlobalSection
	GlobalSection(ExtensibilityGlobals) = postSolution
		SolutionGuid = {19577FFE-C8D8-449A-9331-3DBE8AF7369E}
	EndGlobalSection
EndGlobal
